
Microsoft Visual Studio Solution File, Format Version 12.00
# Visual Studio Version 17
VisualStudioVersion = 17.4.33205.214
MinimumVisualStudioVersion = 10.0.40219.1
Project("{9A19103F-16F7-4668-BE54-9A1E7A4F7556}") = "ICT3101_Calculator", "ICT3101_Calculator\ICT3101_Calculator.csproj", "{A5855F33-F264-4AD0-A2A8-3A4280C9F13C}"
EndProject
Project("{9A19103F-16F7-4668-BE54-9A1E7A4F7556}") = "ICT3101_Calculator.UnitTests", "ICT3101_Calculator.UnitTests\ICT3101_Calculator.UnitTests.csproj", "{9E10A1D5-2152-4AA5-B60A-5E461162D062}"
EndProject
Project("{FAE04EC0-301F-11D3-BF4B-00C04F79EFBC}") = "SpecFlowCalculatorTests", "SpecFlowCalculatorTests\SpecFlowCalculatorTests.csproj", "{0F89AAD1-74C3-47F8-8511-3C8FF22249FF}"
EndProject
Global
	GlobalSection(SolutionConfigurationPlatforms) = preSolution
		Debug|Any CPU = Debug|Any CPU
		Release|Any CPU = Release|Any CPU
	EndGlobalSection
	GlobalSection(ProjectConfigurationPlatforms) = postSolution
		{A5855F33-F264-4AD0-A2A8-3A4280C9F13C}.Debug|Any CPU.ActiveCfg = Debug|Any CPU
		{A5855F33-F264-4AD0-A2A8-3A4280C9F13C}.Debug|Any CPU.Build.0 = Debug|Any CPU
		{A5855F33-F264-4AD0-A2A8-3A4280C9F13C}.Release|Any CPU.ActiveCfg = Release|Any CPU
		{A5855F33-F264-4AD0-A2A8-3A4280C9F13C}.Release|Any CPU.Build.0 = Release|Any CPU
		{9E10A1D5-2152-4AA5-B60A-5E461162D062}.Debug|Any CPU.ActiveCfg = Debug|Any CPU
		{9E10A1D5-2152-4AA5-B60A-5E461162D062}.Debug|Any CPU.Build.0 = Debug|Any CPU
		{9E10A1D5-2152-4AA5-B60A-5E461162D062}.Release|Any CPU.ActiveCfg = Release|Any CPU
		{9E10A1D5-2152-4AA5-B60A-5E461162D062}.Release|Any CPU.Build.0 = Release|Any CPU
		{0F89AAD1-74C3-47F8-8511-3C8FF22249FF}.Debug|Any CPU.ActiveCfg = Debug|Any CPU
		{0F89AAD1-74C3-47F8-8511-3C8FF22249FF}.Debug|Any CPU.Build.0 = Debug|Any CPU
		{0F89AAD1-74C3-47F8-8511-3C8FF22249FF}.Release|Any CPU.ActiveCfg = Release|Any CPU
		{0F89AAD1-74C3-47F8-8511-3C8FF22249FF}.Release|Any CPU.Build.0 = Release|Any CPU
	EndGlobalSection
	GlobalSection(SolutionProperties) = preSolution
		HideSolutionNode = FALSE
	EndGlobalSection
	GlobalSection(ExtensibilityGlobals) = postSolution
		SolutionGuid = {43AB2E5F-597E-48DE-B22E-9FAA8B57F611}
	EndGlobalSection
EndGlobal
